// !$*UTF8*$!
{
	archiveVersion = 1;
	classes = {
	};
	objectVersion = 56;
	objects = {

/* Begin PBXBuildFile section */
		5538C2972A00A63E0003E948 /* Rock_App.swift in Sources */ = {isa = PBXBuildFile; fileRef = 5538C2962A00A63E0003E948 /* Rock_App.swift */; };
		5538C2992A00A63E0003E948 /* ContentView.swift in Sources */ = {isa = PBXBuildFile; fileRef = 5538C2982A00A63E0003E948 /* ContentView.swift */; };
		5538C29B2A00A6400003E948 /* Assets.xcassets in Resources */ = {isa = PBXBuildFile; fileRef = 5538C29A2A00A6400003E948 /* Assets.xcassets */; };
		5538C29E2A00A6400003E948 /* Preview Assets.xcassets in Resources */ = {isa = PBXBuildFile; fileRef = 5538C29D2A00A6400003E948 /* Preview Assets.xcassets */; };
		5538C2A92A00B4700003E948 /* FoundRocks.swift in Sources */ = {isa = PBXBuildFile; fileRef = 5538C2A82A00B4700003E948 /* FoundRocks.swift */; };
		5538C2AB2A00B8870003E948 /* GuidView.swift in Sources */ = {isa = PBXBuildFile; fileRef = 5538C2AA2A00B8870003E948 /* GuidView.swift */; };
		5538C2AD2A00B8AA0003E948 /* HomeView.swift in Sources */ = {isa = PBXBuildFile; fileRef = 5538C2AC2A00B8AA0003E948 /* HomeView.swift */; };
		55623AFE2A01A2310078472E /* HomeScreen.swift in Sources */ = {isa = PBXBuildFile; fileRef = 55623AFD2A01A2310078472E /* HomeScreen.swift */; };
		55623B002A01A2610078472E /* MyRocks.swift in Sources */ = {isa = PBXBuildFile; fileRef = 55623AFF2A01A2610078472E /* MyRocks.swift */; };
		55623B022A01A29C0078472E /* FavoiteRocks.swift in Sources */ = {isa = PBXBuildFile; fileRef = 55623B012A01A29C0078472E /* FavoiteRocks.swift */; };
		55623B042A01A2C90078472E /* TPRTC.swift in Sources */ = {isa = PBXBuildFile; fileRef = 55623B032A01A2C90078472E /* TPRTC.swift */; };
		55623B082A01AD270078472E /* gretings-show.swift in Sources */ = {isa = PBXBuildFile; fileRef = 55623B072A01AD270078472E /* gretings-show.swift */; };
		55623B0A2A01D15D0078472E /* SubmitRock.swift in Sources */ = {isa = PBXBuildFile; fileRef = 55623B092A01D15D0078472E /* SubmitRock.swift */; };
		55623B0D2A01D8770078472E /* TakePictureView.swift in Sources */ = {isa = PBXBuildFile; fileRef = 55623B0C2A01D8770078472E /* TakePictureView.swift */; };
		55623B102A01E7A50078472E /* ImagePicker.swift in Sources */ = {isa = PBXBuildFile; fileRef = 55623B0F2A01E7A50078472E /* ImagePicker.swift */; };
		55623B132A020E870078472E /* UScanner.swift in Sources */ = {isa = PBXBuildFile; fileRef = 55623B122A020E870078472E /* UScanner.swift */; };
		55623B152A0221C00078472E /* namesColection.swift in Sources */ = {isa = PBXBuildFile; fileRef = 55623B142A0221C00078472E /* namesColection.swift */; };
		55623B1B2A02DBAA0078472E /* ChatManeger.swift in Sources */ = {isa = PBXBuildFile; fileRef = 55623B1A2A02DBAA0078472E /* ChatManeger.swift */; };
		55623B1D2A02DBDB0078472E /* RockGptInterface.swift in Sources */ = {isa = PBXBuildFile; fileRef = 55623B1C2A02DBDB0078472E /* RockGptInterface.swift */; };
		55623B1F2A02DD4E0078472E /* RockGptModel.swift in Sources */ = {isa = PBXBuildFile; fileRef = 55623B1E2A02DD4E0078472E /* RockGptModel.swift */; };
		55623B212A02E11E0078472E /* CallGeologist.swift in Sources */ = {isa = PBXBuildFile; fileRef = 55623B202A02E11E0078472E /* CallGeologist.swift */; };
/* End PBXBuildFile section */

/* Begin PBXFileReference section */
		5538C2932A00A63E0003E948 /* Rock App.app */ = {isa = PBXFileReference; explicitFileType = wrapper.application; includeInIndex = 0; path = "Rock App.app"; sourceTree = BUILT_PRODUCTS_DIR; };
		5538C2962A00A63E0003E948 /* Rock_App.swift */ = {isa = PBXFileReference; lastKnownFileType = sourcecode.swift; path = Rock_App.swift; sourceTree = "<group>"; };
		5538C2982A00A63E0003E948 /* ContentView.swift */ = {isa = PBXFileReference; lastKnownFileType = sourcecode.swift; path = ContentView.swift; sourceTree = "<group>"; };
		5538C29A2A00A6400003E948 /* Assets.xcassets */ = {isa = PBXFileReference; lastKnownFileType = folder.assetcatalog; path = Assets.xcassets; sourceTree = "<group>"; };
		5538C29D2A00A6400003E948 /* Preview Assets.xcassets */ = {isa = PBXFileReference; lastKnownFileType = folder.assetcatalog; path = "Preview Assets.xcassets"; sourceTree = "<group>"; };
		5538C2A82A00B4700003E948 /* FoundRocks.swift */ = {isa = PBXFileReference; lastKnownFileType = sourcecode.swift; path = FoundRocks.swift; sourceTree = "<group>"; };
		5538C2AA2A00B8870003E948 /* GuidView.swift */ = {isa = PBXFileReference; lastKnownFileType = sourcecode.swift; path = GuidView.swift; sourceTree = "<group>"; };
		5538C2AC2A00B8AA0003E948 /* HomeView.swift */ = {isa = PBXFileReference; lastKnownFileType = sourcecode.swift; path = HomeView.swift; sourceTree = "<group>"; };
		55623AFD2A01A2310078472E /* HomeScreen.swift */ = {isa = PBXFileReference; lastKnownFileType = sourcecode.swift; path = HomeScreen.swift; sourceTree = "<group>"; };
		55623AFF2A01A2610078472E /* MyRocks.swift */ = {isa = PBXFileReference; lastKnownFileType = sourcecode.swift; path = MyRocks.swift; sourceTree = "<group>"; };
		55623B012A01A29C0078472E /* FavoiteRocks.swift */ = {isa = PBXFileReference; lastKnownFileType = sourcecode.swift; path = FavoiteRocks.swift; sourceTree = "<group>"; };
		55623B032A01A2C90078472E /* TPRTC.swift */ = {isa = PBXFileReference; lastKnownFileType = sourcecode.swift; path = TPRTC.swift; sourceTree = "<group>"; };
		55623B072A01AD270078472E /* gretings-show.swift */ = {isa = PBXFileReference; lastKnownFileType = sourcecode.swift; path = "gretings-show.swift"; sourceTree = "<group>"; };
		55623B092A01D15D0078472E /* SubmitRock.swift */ = {isa = PBXFileReference; lastKnownFileType = sourcecode.swift; path = SubmitRock.swift; sourceTree = "<group>"; };
		55623B0C2A01D8770078472E /* TakePictureView.swift */ = {isa = PBXFileReference; lastKnownFileType = sourcecode.swift; path = TakePictureView.swift; sourceTree = "<group>"; };
		55623B0F2A01E7A50078472E /* ImagePicker.swift */ = {isa = PBXFileReference; lastKnownFileType = sourcecode.swift; path = ImagePicker.swift; sourceTree = "<group>"; };
		55623B122A020E870078472E /* UScanner.swift */ = {isa = PBXFileReference; lastKnownFileType = sourcecode.swift; path = UScanner.swift; sourceTree = "<group>"; };
		55623B142A0221C00078472E /* namesColection.swift */ = {isa = PBXFileReference; lastKnownFileType = sourcecode.swift; path = namesColection.swift; sourceTree = "<group>"; };
		55623B1A2A02DBAA0078472E /* ChatManeger.swift */ = {isa = PBXFileReference; lastKnownFileType = sourcecode.swift; path = ChatManeger.swift; sourceTree = "<group>"; };
		55623B1C2A02DBDB0078472E /* RockGptInterface.swift */ = {isa = PBXFileReference; lastKnownFileType = sourcecode.swift; path = RockGptInterface.swift; sourceTree = "<group>"; };
		55623B1E2A02DD4E0078472E /* RockGptModel.swift */ = {isa = PBXFileReference; lastKnownFileType = sourcecode.swift; path = RockGptModel.swift; sourceTree = "<group>"; };
		55623B202A02E11E0078472E /* CallGeologist.swift */ = {isa = PBXFileReference; lastKnownFileType = sourcecode.swift; path = CallGeologist.swift; sourceTree = "<group>"; };
/* End PBXFileReference section */

/* Begin PBXFrameworksBuildPhase section */
		5538C2902A00A63E0003E948 /* Frameworks */ = {
			isa = PBXFrameworksBuildPhase;
			buildActionMask = 2147483647;
			files = (
			);
			runOnlyForDeploymentPostprocessing = 0;
		};
/* End PBXFrameworksBuildPhase section */

/* Begin PBXGroup section */
		5538C28A2A00A63E0003E948 = {
			isa = PBXGroup;
			children = (
				5538C2952A00A63E0003E948 /* Rock App */,
				5538C2942A00A63E0003E948 /* Products */,
			);
			sourceTree = "<group>";
		};
		5538C2942A00A63E0003E948 /* Products */ = {
			isa = PBXGroup;
			children = (
				5538C2932A00A63E0003E948 /* Rock App.app */,
			);
			name = Products;
			sourceTree = "<group>";
		};
		5538C2952A00A63E0003E948 /* Rock App */ = {
			isa = PBXGroup;
			children = (
				55623B172A02DA4B0078472E /* Background */,
				55623B0E2A01E7160078472E /* TakeImage */,
				55623B0B2A01D4460078472E /* JSON Data */,
				55623AFC2A01A1AD0078472E /* HomeView */,
				55623B062A01A4210078472E /* DocRock */,
				55623B112A020D1E0078472E /* Guid Views */,
				55623B192A02DB6E0078472E /* Chat */,
				5538C29A2A00A6400003E948 /* Assets.xcassets */,
				5538C29C2A00A6400003E948 /* Preview Content */,
			);
			path = "Rock App";
			sourceTree = "<group>";
		};
		5538C29C2A00A6400003E948 /* Preview Content */ = {
			isa = PBXGroup;
			children = (
				5538C29D2A00A6400003E948 /* Preview Assets.xcassets */,
			);
			path = "Preview Content";
			sourceTree = "<group>";
		};
		55623AFC2A01A1AD0078472E /* HomeView */ = {
			isa = PBXGroup;
			children = (
				5538C2A82A00B4700003E948 /* FoundRocks.swift */,
				5538C2AC2A00B8AA0003E948 /* HomeView.swift */,
				55623AFD2A01A2310078472E /* HomeScreen.swift */,
				55623AFF2A01A2610078472E /* MyRocks.swift */,
				55623B012A01A29C0078472E /* FavoiteRocks.swift */,
				55623B032A01A2C90078472E /* TPRTC.swift */,
			);
			path = HomeView;
			sourceTree = "<group>";
		};
		55623B062A01A4210078472E /* DocRock */ = {
			isa = PBXGroup;
			children = (
				55623B092A01D15D0078472E /* SubmitRock.swift */,
			);
			path = DocRock;
			sourceTree = "<group>";
		};
		55623B0B2A01D4460078472E /* JSON Data */ = {
			isa = PBXGroup;
			children = (
			);
			path = "JSON Data";
			sourceTree = "<group>";
		};
		55623B0E2A01E7160078472E /* TakeImage */ = {
			isa = PBXGroup;
			children = (
				55623B0C2A01D8770078472E /* TakePictureView.swift */,
				55623B0F2A01E7A50078472E /* ImagePicker.swift */,
			);
			path = TakeImage;
			sourceTree = "<group>";
		};
		55623B112A020D1E0078472E /* Guid Views */ = {
			isa = PBXGroup;
			children = (
				5538C2AA2A00B8870003E948 /* GuidView.swift */,
				55623B122A020E870078472E /* UScanner.swift */,
				55623B142A0221C00078472E /* namesColection.swift */,
			);
			path = "Guid Views";
			sourceTree = "<group>";
		};
		55623B172A02DA4B0078472E /* Background */ = {
			isa = PBXGroup;
			children = (
				55623B072A01AD270078472E /* gretings-show.swift */,
				5538C2982A00A63E0003E948 /* ContentView.swift */,
				5538C2962A00A63E0003E948 /* Rock_App.swift */,
			);
			path = Background;
			sourceTree = "<group>";
		};
		55623B192A02DB6E0078472E /* Chat */ = {
			isa = PBXGroup;
			children = (
				55623B1A2A02DBAA0078472E /* ChatManeger.swift */,
				55623B1C2A02DBDB0078472E /* RockGptInterface.swift */,
				55623B1E2A02DD4E0078472E /* RockGptModel.swift */,
				55623B202A02E11E0078472E /* CallGeologist.swift */,
			);
			path = Chat;
			sourceTree = "<group>";
		};
/* End PBXGroup section */

/* Begin PBXNativeTarget section */
		5538C2922A00A63E0003E948 /* Rock App */ = {
			isa = PBXNativeTarget;
			buildConfigurationList = 5538C2A12A00A6400003E948 /* Build configuration list for PBXNativeTarget "Rock App" */;
			buildPhases = (
				5538C28F2A00A63E0003E948 /* Sources */,
				5538C2902A00A63E0003E948 /* Frameworks */,
				5538C2912A00A63E0003E948 /* Resources */,
			);
			buildRules = (
			);
			dependencies = (
			);
			name = "Rock App";
			productName = "Rock App";
			productReference = 5538C2932A00A63E0003E948 /* Rock App.app */;
			productType = "com.apple.product-type.application";
		};
/* End PBXNativeTarget section */

/* Begin PBXProject section */
		5538C28B2A00A63E0003E948 /* Project object */ = {
			isa = PBXProject;
			attributes = {
				BuildIndependentTargetsInParallel = 1;
				LastSwiftUpdateCheck = 1430;
				LastUpgradeCheck = 1430;
				TargetAttributes = {
					5538C2922A00A63E0003E948 = {
						CreatedOnToolsVersion = 14.3;
					};
				};
			};
			buildConfigurationList = 5538C28E2A00A63E0003E948 /* Build configuration list for PBXProject "Rock App" */;
			compatibilityVersion = "Xcode 14.0";
			developmentRegion = en;
			hasScannedForEncodings = 0;
			knownRegions = (
				en,
				Base,
			);
			mainGroup = 5538C28A2A00A63E0003E948;
			productRefGroup = 5538C2942A00A63E0003E948 /* Products */;
			projectDirPath = "";
			projectRoot = "";
			targets = (
				5538C2922A00A63E0003E948 /* Rock App */,
			);
		};
/* End PBXProject section */

/* Begin PBXResourcesBuildPhase section */
		5538C2912A00A63E0003E948 /* Resources */ = {
			isa = PBXResourcesBuildPhase;
			buildActionMask = 2147483647;
			files = (
				5538C29E2A00A6400003E948 /* Preview Assets.xcassets in Resources */,
				5538C29B2A00A6400003E948 /* Assets.xcassets in Resources */,
			);
			runOnlyForDeploymentPostprocessing = 0;
		};
/* End PBXResourcesBuildPhase section */

/* Begin PBXSourcesBuildPhase section */
		5538C28F2A00A63E0003E948 /* Sources */ = {
			isa = PBXSourcesBuildPhase;
			buildActionMask = 2147483647;
			files = (
				55623B132A020E870078472E /* UScanner.swift in Sources */,
				55623B102A01E7A50078472E /* ImagePicker.swift in Sources */,
				55623B1F2A02DD4E0078472E /* RockGptModel.swift in Sources */,
				55623B042A01A2C90078472E /* TPRTC.swift in Sources */,
				55623B0D2A01D8770078472E /* TakePictureView.swift in Sources */,
				5538C2992A00A63E0003E948 /* ContentView.swift in Sources */,
				5538C2AB2A00B8870003E948 /* GuidView.swift in Sources */,
				55623B1D2A02DBDB0078472E /* RockGptInterface.swift in Sources */,
				55623B0A2A01D15D0078472E /* SubmitRock.swift in Sources */,
				55623B002A01A2610078472E /* MyRocks.swift in Sources */,
				55623B212A02E11E0078472E /* CallGeologist.swift in Sources */,
				55623B152A0221C00078472E /* namesColection.swift in Sources */,
				55623AFE2A01A2310078472E /* HomeScreen.swift in Sources */,
				5538C2A92A00B4700003E948 /* FoundRocks.swift in Sources */,
				55623B1B2A02DBAA0078472E /* ChatManeger.swift in Sources */,
				55623B022A01A29C0078472E /* FavoiteRocks.swift in Sources */,
				55623B082A01AD270078472E /* gretings-show.swift in Sources */,
				5538C2AD2A00B8AA0003E948 /* HomeView.swift in Sources */,
				5538C2972A00A63E0003E948 /* Rock_App.swift in Sources */,
			);
			runOnlyForDeploymentPostprocessing = 0;
		};
/* End PBXSourcesBuildPhase section */

/* Begin XCBuildConfiguration section */
		5538C29F2A00A6400003E948 /* Debug */ = {
			isa = XCBuildConfiguration;
			buildSettings = {
				ALWAYS_SEARCH_USER_PATHS = NO;
				CLANG_ANALYZER_NONNULL = YES;
				CLANG_ANALYZER_NUMBER_OBJECT_CONVERSION = YES_AGGRESSIVE;
				CLANG_CXX_LANGUAGE_STANDARD = "gnu++20";
				CLANG_ENABLE_MODULES = YES;
				CLANG_ENABLE_OBJC_ARC = YES;
				CLANG_ENABLE_OBJC_WEAK = YES;
				CLANG_WARN_BLOCK_CAPTURE_AUTORELEASING = YES;
				CLANG_WARN_BOOL_CONVERSION = YES;
				CLANG_WARN_COMMA = YES;
				CLANG_WARN_CONSTANT_CONVERSION = YES;
				CLANG_WARN_DEPRECATED_OBJC_IMPLEMENTATIONS = YES;
				CLANG_WARN_DIRECT_OBJC_ISA_USAGE = YES_ERROR;
				CLANG_WARN_DOCUMENTATION_COMMENTS = YES;
				CLANG_WARN_EMPTY_BODY = YES;
				CLANG_WARN_ENUM_CONVERSION = YES;
				CLANG_WARN_INFINITE_RECURSION = YES;
				CLANG_WARN_INT_CONVERSION = YES;
				CLANG_WARN_NON_LITERAL_NULL_CONVERSION = YES;
				CLANG_WARN_OBJC_IMPLICIT_RETAIN_SELF = YES;
				CLANG_WARN_OBJC_LITERAL_CONVERSION = YES;
				CLANG_WARN_OBJC_ROOT_CLASS = YES_ERROR;
				CLANG_WARN_QUOTED_INCLUDE_IN_FRAMEWORK_HEADER = YES;
				CLANG_WARN_RANGE_LOOP_ANALYSIS = YES;
				CLANG_WARN_STRICT_PROTOTYPES = YES;
				CLANG_WARN_SUSPICIOUS_MOVE = YES;
				CLANG_WARN_UNGUARDED_AVAILABILITY = YES_AGGRESSIVE;
				CLANG_WARN_UNREACHABLE_CODE = YES;
				CLANG_WARN__DUPLICATE_METHOD_MATCH = YES;
				COPY_PHASE_STRIP = NO;
				DEBUG_INFORMATION_FORMAT = dwarf;
				ENABLE_STRICT_OBJC_MSGSEND = YES;
				ENABLE_TESTABILITY = YES;
				GCC_C_LANGUAGE_STANDARD = gnu11;
				GCC_DYNAMIC_NO_PIC = NO;
				GCC_NO_COMMON_BLOCKS = YES;
				GCC_OPTIMIZATION_LEVEL = 0;
				GCC_PREPROCESSOR_DEFINITIONS = (
					"DEBUG=1",
					"$(inherited)",
				);
				GCC_WARN_64_TO_32_BIT_CONVERSION = YES;
				GCC_WARN_ABOUT_RETURN_TYPE = YES_ERROR;
				GCC_WARN_UNDECLARED_SELECTOR = YES;
				GCC_WARN_UNINITIALIZED_AUTOS = YES_AGGRESSIVE;
				GCC_WARN_UNUSED_FUNCTION = YES;
				GCC_WARN_UNUSED_VARIABLE = YES;
				IPHONEOS_DEPLOYMENT_TARGET = 16.4;
				MTL_ENABLE_DEBUG_INFO = INCLUDE_SOURCE;
				MTL_FAST_MATH = YES;
				ONLY_ACTIVE_ARCH = YES;
				SDKROOT = iphoneos;
				SWIFT_ACTIVE_COMPILATION_CONDITIONS = DEBUG;
				SWIFT_OPTIMIZATION_LEVEL = "-Onone";
			};
			name = Debug;
		};
		5538C2A02A00A6400003E948 /* Release */ = {
			isa = XCBuildConfiguration;
			buildSettings = {
				ALWAYS_SEARCH_USER_PATHS = NO;
				CLANG_ANALYZER_NONNULL = YES;
				CLANG_ANALYZER_NUMBER_OBJECT_CONVERSION = YES_AGGRESSIVE;
				CLANG_CXX_LANGUAGE_STANDARD = "gnu++20";
				CLANG_ENABLE_MODULES = YES;
				CLANG_ENABLE_OBJC_ARC = YES;
				CLANG_ENABLE_OBJC_WEAK = YES;
				CLANG_WARN_BLOCK_CAPTURE_AUTORELEASING = YES;
				CLANG_WARN_BOOL_CONVERSION = YES;
				CLANG_WARN_COMMA = YES;
				CLANG_WARN_CONSTANT_CONVERSION = YES;
				CLANG_WARN_DEPRECATED_OBJC_IMPLEMENTATIONS = YES;
				CLANG_WARN_DIRECT_OBJC_ISA_USAGE = YES_ERROR;
				CLANG_WARN_DOCUMENTATION_COMMENTS = YES;
				CLANG_WARN_EMPTY_BODY = YES;
				CLANG_WARN_ENUM_CONVERSION = YES;
				CLANG_WARN_INFINITE_RECURSION = YES;
				CLANG_WARN_INT_CONVERSION = YES;
				CLANG_WARN_NON_LITERAL_NULL_CONVERSION = YES;
				CLANG_WARN_OBJC_IMPLICIT_RETAIN_SELF = YES;
				CLANG_WARN_OBJC_LITERAL_CONVERSION = YES;
				CLANG_WARN_OBJC_ROOT_CLASS = YES_ERROR;
				CLANG_WARN_QUOTED_INCLUDE_IN_FRAMEWORK_HEADER = YES;
				CLANG_WARN_RANGE_LOOP_ANALYSIS = YES;
				CLANG_WARN_STRICT_PROTOTYPES = YES;
				CLANG_WARN_SUSPICIOUS_MOVE = YES;
				CLANG_WARN_UNGUARDED_AVAILABILITY = YES_AGGRESSIVE;
				CLANG_WARN_UNREACHABLE_CODE = YES;
				CLANG_WARN__DUPLICATE_METHOD_MATCH = YES;
				COPY_PHASE_STRIP = NO;
				DEBUG_INFORMATION_FORMAT = "dwarf-with-dsym";
				ENABLE_NS_ASSERTIONS = NO;
				ENABLE_STRICT_OBJC_MSGSEND = YES;
				GCC_C_LANGUAGE_STANDARD = gnu11;
				GCC_NO_COMMON_BLOCKS = YES;
				GCC_WARN_64_TO_32_BIT_CONVERSION = YES;
				GCC_WARN_ABOUT_RETURN_TYPE = YES_ERROR;
				GCC_WARN_UNDECLARED_SELECTOR = YES;
				GCC_WARN_UNINITIALIZED_AUTOS = YES_AGGRESSIVE;
				GCC_WARN_UNUSED_FUNCTION = YES;
				GCC_WARN_UNUSED_VARIABLE = YES;
				IPHONEOS_DEPLOYMENT_TARGET = 16.4;
				MTL_ENABLE_DEBUG_INFO = NO;
				MTL_FAST_MATH = YES;
				SDKROOT = iphoneos;
				SWIFT_COMPILATION_MODE = wholemodule;
				SWIFT_OPTIMIZATION_LEVEL = "-O";
				VALIDATE_PRODUCT = YES;
			};
			name = Release;
		};
		5538C2A22A00A6400003E948 /* Debug */ = {
			isa = XCBuildConfiguration;
			buildSettings = {
				ASSETCATALOG_COMPILER_APPICON_NAME = AppIcon;
				ASSETCATALOG_COMPILER_GLOBAL_ACCENT_COLOR_NAME = AccentColor;
				CODE_SIGN_STYLE = Automatic;
				CURRENT_PROJECT_VERSION = 1;
				DEVELOPMENT_ASSET_PATHS = "\"Rock App/Preview Content\"";
				ENABLE_PREVIEWS = YES;
				GENERATE_INFOPLIST_FILE = YES;
				INFOPLIST_KEY_UIApplicationSceneManifest_Generation = YES;
				INFOPLIST_KEY_UIApplicationSupportsIndirectInputEvents = YES;
				INFOPLIST_KEY_UILaunchScreen_Generation = YES;
				INFOPLIST_KEY_UISupportedInterfaceOrientations_iPad = "UIInterfaceOrientationPortrait UIInterfaceOrientationPortraitUpsideDown UIInterfaceOrientationLandscapeLeft UIInterfaceOrientationLandscapeRight";
				INFOPLIST_KEY_UISupportedInterfaceOrientations_iPhone = "UIInterfaceOrientationPortrait UIInterfaceOrientationLandscapeLeft UIInterfaceOrientationLandscapeRight";
				LD_RUNPATH_SEARCH_PATHS = (
					"$(inherited)",
					"@executable_path/Frameworks",
				);
				MARKETING_VERSION = 1.0;
				PRODUCT_BUNDLE_IDENTIFIER = "bben.Rock-App";
				PRODUCT_NAME = "$(TARGET_NAME)";
				SWIFT_EMIT_LOC_STRINGS = YES;
				SWIFT_VERSION = 5.0;
				TARGETED_DEVICE_FAMILY = "1,2";
			};
			name = Debug;
		};
		5538C2A32A00A6400003E948 /* Release */ = {
			isa = XCBuildConfiguration;
			buildSettings = {
				ASSETCATALOG_COMPILER_APPICON_NAME = AppIcon;
				ASSETCATALOG_COMPILER_GLOBAL_ACCENT_COLOR_NAME = AccentColor;
				CODE_SIGN_STYLE = Automatic;
				CURRENT_PROJECT_VERSION = 1;
				DEVELOPMENT_ASSET_PATHS = "\"Rock App/Preview Content\"";
				ENABLE_PREVIEWS = YES;
				GENERATE_INFOPLIST_FILE = YES;
				INFOPLIST_KEY_UIApplicationSceneManifest_Generation = YES;
				INFOPLIST_KEY_UIApplicationSupportsIndirectInputEvents = YES;
				INFOPLIST_KEY_UILaunchScreen_Generation = YES;
				INFOPLIST_KEY_UISupportedInterfaceOrientations_iPad = "UIInterfaceOrientationPortrait UIInterfaceOrientationPortraitUpsideDown UIInterfaceOrientationLandscapeLeft UIInterfaceOrientationLandscapeRight";
				INFOPLIST_KEY_UISupportedInterfaceOrientations_iPhone = "UIInterfaceOrientationPortrait UIInterfaceOrientationLandscapeLeft UIInterfaceOrientationLandscapeRight";
				LD_RUNPATH_SEARCH_PATHS = (
					"$(inherited)",
					"@executable_path/Frameworks",
				);
				MARKETING_VERSION = 1.0;
				PRODUCT_BUNDLE_IDENTIFIER = "bben.Rock-App";
				PRODUCT_NAME = "$(TARGET_NAME)";
				SWIFT_EMIT_LOC_STRINGS = YES;
				SWIFT_VERSION = 5.0;
				TARGETED_DEVICE_FAMILY = "1,2";
			};
			name = Release;
		};
/* End XCBuildConfiguration section */

/* Begin XCConfigurationList section */
		5538C28E2A00A63E0003E948 /* Build configuration list for PBXProject "Rock App" */ = {
			isa = XCConfigurationList;
			buildConfigurations = (
				5538C29F2A00A6400003E948 /* Debug */,
				5538C2A02A00A6400003E948 /* Release */,
			);
			defaultConfigurationIsVisible = 0;
			defaultConfigurationName = Release;
		};
		5538C2A12A00A6400003E948 /* Build configuration list for PBXNativeTarget "Rock App" */ = {
			isa = XCConfigurationList;
			buildConfigurations = (
				5538C2A22A00A6400003E948 /* Debug */,
				5538C2A32A00A6400003E948 /* Release */,
			);
			defaultConfigurationIsVisible = 0;
			defaultConfigurationName = Release;
		};
/* End XCConfigurationList section */
	};
	rootObject = 5538C28B2A00A63E0003E948 /* Project object */;
}
